
Microsoft Visual Studio Solution File, Format Version 12.00
# Visual Studio Version 16
VisualStudioVersion = 16.0.31729.503
MinimumVisualStudioVersion = 10.0.40219.1
Project("{FAE04EC0-301F-11D3-BF4B-00C04F79EFBC}") = "ACG(KursProject)", "ACG(KursProject)\ACG(KursProject).csproj", "{FA0B253A-B02D-4CE5-9A3D-CF2C75A579D7}"
EndProject
Global
	GlobalSection(SolutionConfigurationPlatforms) = preSolution
		Debug|Any CPU = Debug|Any CPU
		Release|Any CPU = Release|Any CPU
	EndGlobalSection
	GlobalSection(ProjectConfigurationPlatforms) = postSolution
		{FA0B253A-B02D-4CE5-9A3D-CF2C75A579D7}.Debug|Any CPU.ActiveCfg = Debug|Any CPU
		{FA0B253A-B02D-4CE5-9A3D-CF2C75A579D7}.Debug|Any CPU.Build.0 = Debug|Any CPU
		{FA0B253A-B02D-4CE5-9A3D-CF2C75A579D7}.Release|Any CPU.ActiveCfg = Release|Any CPU
		{FA0B253A-B02D-4CE5-9A3D-CF2C75A579D7}.Release|Any CPU.Build.0 = Release|Any CPU
	EndGlobalSection
	GlobalSection(SolutionProperties) = preSolution
		HideSolutionNode = FALSE
	EndGlobalSection
	GlobalSection(ExtensibilityGlobals) = postSolution
		SolutionGuid = {51044F9D-46E9-4AD9-B06A-8196A7C2DAFB}
	EndGlobalSection
EndGlobal
